
Microsoft Visual Studio Solution File, Format Version 12.00
# Visual Studio Version 17
VisualStudioVersion = 17.1.32328.378
MinimumVisualStudioVersion = 10.0.40219.1
Project("{9A19103F-16F7-4668-BE54-9A1E7A4F7556}") = "ExpertSystem", "ExpertSystem\ExpertSystem.csproj", "{C6530EB3-EC41-4236-BED3-F57BE134AE76}"
EndProject
Project("{FAE04EC0-301F-11D3-BF4B-00C04F79EFBC}") = "GsmarenaParser", "GsmarenaParser\GsmarenaParser.csproj", "{6E1141E3-5656-4287-88AD-3B8A2D5DD7C3}"
EndProject
Global
	GlobalSection(SolutionConfigurationPlatforms) = preSolution
		Debug|Any CPU = Debug|Any CPU
		Release|Any CPU = Release|Any CPU
	EndGlobalSection
	GlobalSection(ProjectConfigurationPlatforms) = postSolution
		{C6530EB3-EC41-4236-BED3-F57BE134AE76}.Debug|Any CPU.ActiveCfg = Debug|Any CPU
		{C6530EB3-EC41-4236-BED3-F57BE134AE76}.Debug|Any CPU.Build.0 = Debug|Any CPU
		{C6530EB3-EC41-4236-BED3-F57BE134AE76}.Release|Any CPU.ActiveCfg = Release|Any CPU
		{C6530EB3-EC41-4236-BED3-F57BE134AE76}.Release|Any CPU.Build.0 = Release|Any CPU
		{6E1141E3-5656-4287-88AD-3B8A2D5DD7C3}.Debug|Any CPU.ActiveCfg = Debug|Any CPU
		{6E1141E3-5656-4287-88AD-3B8A2D5DD7C3}.Debug|Any CPU.Build.0 = Debug|Any CPU
		{6E1141E3-5656-4287-88AD-3B8A2D5DD7C3}.Release|Any CPU.ActiveCfg = Release|Any CPU
		{6E1141E3-5656-4287-88AD-3B8A2D5DD7C3}.Release|Any CPU.Build.0 = Release|Any CPU
	EndGlobalSection
	GlobalSection(SolutionProperties) = preSolution
		HideSolutionNode = FALSE
	EndGlobalSection
	GlobalSection(ExtensibilityGlobals) = postSolution
		SolutionGuid = {45ECEED3-18B1-4B08-991E-3F009C826D86}
	EndGlobalSection
EndGlobal
